
Microsoft Visual Studio Solution File, Format Version 12.00
# Visual Studio Version 17
VisualStudioVersion = 17.0.32112.339
MinimumVisualStudioVersion = 10.0.40219.1
Project("{FAE04EC0-301F-11D3-BF4B-00C04F79EFBC}") = "Ideal_weight", "Ideal_weight\Ideal_weight.csproj", "{18044E6E-DFC4-4A58-8CC8-FE038AD2D31A}"
EndProject
Global
	GlobalSection(SolutionConfigurationPlatforms) = preSolution
		Debug|Any CPU = Debug|Any CPU
		Release|Any CPU = Release|Any CPU
	EndGlobalSection
	GlobalSection(ProjectConfigurationPlatforms) = postSolution
		{18044E6E-DFC4-4A58-8CC8-FE038AD2D31A}.Debug|Any CPU.ActiveCfg = Debug|Any CPU
		{18044E6E-DFC4-4A58-8CC8-FE038AD2D31A}.Debug|Any CPU.Build.0 = Debug|Any CPU
		{18044E6E-DFC4-4A58-8CC8-FE038AD2D31A}.Release|Any CPU.ActiveCfg = Release|Any CPU
		{18044E6E-DFC4-4A58-8CC8-FE038AD2D31A}.Release|Any CPU.Build.0 = Release|Any CPU
	EndGlobalSection
	GlobalSection(SolutionProperties) = preSolution
		HideSolutionNode = FALSE
	EndGlobalSection
	GlobalSection(ExtensibilityGlobals) = postSolution
		SolutionGuid = {28ECE07A-AD58-45AF-A570-E4A67B55074B}
	EndGlobalSection
EndGlobal
